{
  "pins" : [
    {
      "identity" : "capacitor-swift-pm",
      "kind" : "remoteSourceControl",
      "location" : "https://github.com/ionic-team/capacitor-swift-pm.git",
      "state" : {
        "revision" : "ef3cfccd708da835ba6393bd40c578d251d623c2",
        "version" : "7.0.0"
      }
    }
  ],
  "version" : 2
}
